// !$*UTF8*$!
{
	archiveVersion = 1;
	classes = {
	};
	objectVersion = 50;
	objects = {

/* Begin PBXBuildFile section */
		B30275A625ADF564006C7456 /* OwnAnimePod.h in Headers */ = {isa = PBXBuildFile; fileRef = B30275A425ADF564006C7456 /* OwnAnimePod.h */; settings = {ATTRIBUTES = (Public, ); }; };
		B30275B425ADF8AB006C7456 /* AppDelegate.swift in Sources */ = {isa = PBXBuildFile; fileRef = B30275B325ADF8AB006C7456 /* AppDelegate.swift */; };
		B30275B625ADF8AB006C7456 /* SceneDelegate.swift in Sources */ = {isa = PBXBuildFile; fileRef = B30275B525ADF8AB006C7456 /* SceneDelegate.swift */; };
		B30275B825ADF8AB006C7456 /* ViewController.swift in Sources */ = {isa = PBXBuildFile; fileRef = B30275B725ADF8AB006C7456 /* ViewController.swift */; };
		B30275BB25ADF8AB006C7456 /* Main.storyboard in Resources */ = {isa = PBXBuildFile; fileRef = B30275B925ADF8AB006C7456 /* Main.storyboard */; };
		B30275BD25ADF8AE006C7456 /* Assets.xcassets in Resources */ = {isa = PBXBuildFile; fileRef = B30275BC25ADF8AE006C7456 /* Assets.xcassets */; };
		B30275C025ADF8AE006C7456 /* LaunchScreen.storyboard in Resources */ = {isa = PBXBuildFile; fileRef = B30275BE25ADF8AE006C7456 /* LaunchScreen.storyboard */; };
/* End PBXBuildFile section */

/* Begin PBXFileReference section */
		B30275A125ADF564006C7456 /* OwnAnimePod.framework */ = {isa = PBXFileReference; explicitFileType = wrapper.framework; includeInIndex = 0; path = OwnAnimePod.framework; sourceTree = BUILT_PRODUCTS_DIR; };
		B30275A425ADF564006C7456 /* OwnAnimePod.h */ = {isa = PBXFileReference; lastKnownFileType = sourcecode.c.h; path = OwnAnimePod.h; sourceTree = "<group>"; };
		B30275A525ADF564006C7456 /* Info.plist */ = {isa = PBXFileReference; lastKnownFileType = text.plist.xml; path = Info.plist; sourceTree = "<group>"; };
		B30275B125ADF8AB006C7456 /* OwnAnimePodExample.app */ = {isa = PBXFileReference; explicitFileType = wrapper.application; includeInIndex = 0; path = OwnAnimePodExample.app; sourceTree = BUILT_PRODUCTS_DIR; };
		B30275B325ADF8AB006C7456 /* AppDelegate.swift */ = {isa = PBXFileReference; lastKnownFileType = sourcecode.swift; path = AppDelegate.swift; sourceTree = "<group>"; };
		B30275B525ADF8AB006C7456 /* SceneDelegate.swift */ = {isa = PBXFileReference; lastKnownFileType = sourcecode.swift; path = SceneDelegate.swift; sourceTree = "<group>"; };
		B30275B725ADF8AB006C7456 /* ViewController.swift */ = {isa = PBXFileReference; lastKnownFileType = sourcecode.swift; path = ViewController.swift; sourceTree = "<group>"; };
		B30275BA25ADF8AB006C7456 /* Base */ = {isa = PBXFileReference; lastKnownFileType = file.storyboard; name = Base; path = Base.lproj/Main.storyboard; sourceTree = "<group>"; };
		B30275BC25ADF8AE006C7456 /* Assets.xcassets */ = {isa = PBXFileReference; lastKnownFileType = folder.assetcatalog; path = Assets.xcassets; sourceTree = "<group>"; };
		B30275BF25ADF8AE006C7456 /* Base */ = {isa = PBXFileReference; lastKnownFileType = file.storyboard; name = Base; path = Base.lproj/LaunchScreen.storyboard; sourceTree = "<group>"; };
		B30275C125ADF8AE006C7456 /* Info.plist */ = {isa = PBXFileReference; lastKnownFileType = text.plist.xml; path = Info.plist; sourceTree = "<group>"; };
/* End PBXFileReference section */

/* Begin PBXFrameworksBuildPhase section */
		B302759E25ADF564006C7456 /* Frameworks */ = {
			isa = PBXFrameworksBuildPhase;
			buildActionMask = 2147483647;
			files = (
			);
			runOnlyForDeploymentPostprocessing = 0;
		};
		B30275AE25ADF8AB006C7456 /* Frameworks */ = {
			isa = PBXFrameworksBuildPhase;
			buildActionMask = 2147483647;
			files = (
			);
			runOnlyForDeploymentPostprocessing = 0;
		};
/* End PBXFrameworksBuildPhase section */

/* Begin PBXGroup section */
		B302759725ADF564006C7456 = {
			isa = PBXGroup;
			children = (
				B30275A325ADF564006C7456 /* OwnAnimePod */,
				B30275B225ADF8AB006C7456 /* OwnAnimePodExample */,
				B30275A225ADF564006C7456 /* Products */,
			);
			sourceTree = "<group>";
		};
		B30275A225ADF564006C7456 /* Products */ = {
			isa = PBXGroup;
			children = (
				B30275A125ADF564006C7456 /* OwnAnimePod.framework */,
				B30275B125ADF8AB006C7456 /* OwnAnimePodExample.app */,
			);
			name = Products;
			sourceTree = "<group>";
		};
		B30275A325ADF564006C7456 /* OwnAnimePod */ = {
			isa = PBXGroup;
			children = (
				B30275A425ADF564006C7456 /* OwnAnimePod.h */,
				B30275A525ADF564006C7456 /* Info.plist */,
			);
			path = OwnAnimePod;
			sourceTree = "<group>";
		};
		B30275B225ADF8AB006C7456 /* OwnAnimePodExample */ = {
			isa = PBXGroup;
			children = (
				B30275B325ADF8AB006C7456 /* AppDelegate.swift */,
				B30275B525ADF8AB006C7456 /* SceneDelegate.swift */,
				B30275B725ADF8AB006C7456 /* ViewController.swift */,
				B30275B925ADF8AB006C7456 /* Main.storyboard */,
				B30275BC25ADF8AE006C7456 /* Assets.xcassets */,
				B30275BE25ADF8AE006C7456 /* LaunchScreen.storyboard */,
				B30275C125ADF8AE006C7456 /* Info.plist */,
			);
			path = OwnAnimePodExample;
			sourceTree = "<group>";
		};
/* End PBXGroup section */

/* Begin PBXHeadersBuildPhase section */
		B302759C25ADF564006C7456 /* Headers */ = {
			isa = PBXHeadersBuildPhase;
			buildActionMask = 2147483647;
			files = (
				B30275A625ADF564006C7456 /* OwnAnimePod.h in Headers */,
			);
			runOnlyForDeploymentPostprocessing = 0;
		};
/* End PBXHeadersBuildPhase section */

/* Begin PBXNativeTarget section */
		B30275A025ADF564006C7456 /* OwnAnimePod */ = {
			isa = PBXNativeTarget;
			buildConfigurationList = B30275A925ADF564006C7456 /* Build configuration list for PBXNativeTarget "OwnAnimePod" */;
			buildPhases = (
				B302759C25ADF564006C7456 /* Headers */,
				B302759D25ADF564006C7456 /* Sources */,
				B302759E25ADF564006C7456 /* Frameworks */,
				B302759F25ADF564006C7456 /* Resources */,
			);
			buildRules = (
			);
			dependencies = (
			);
			name = OwnAnimePod;
			productName = OwnAnimePod;
			productReference = B30275A125ADF564006C7456 /* OwnAnimePod.framework */;
			productType = "com.apple.product-type.framework";
		};
		B30275B025ADF8AB006C7456 /* OwnAnimePodExample */ = {
			isa = PBXNativeTarget;
			buildConfigurationList = B30275C225ADF8AE006C7456 /* Build configuration list for PBXNativeTarget "OwnAnimePodExample" */;
			buildPhases = (
				B30275AD25ADF8AB006C7456 /* Sources */,
				B30275AE25ADF8AB006C7456 /* Frameworks */,
				B30275AF25ADF8AB006C7456 /* Resources */,
			);
			buildRules = (
			);
			dependencies = (
			);
			name = OwnAnimePodExample;
			productName = OwnAnimePodExample;
			productReference = B30275B125ADF8AB006C7456 /* OwnAnimePodExample.app */;
			productType = "com.apple.product-type.application";
		};
/* End PBXNativeTarget section */

/* Begin PBXProject section */
		B302759825ADF564006C7456 /* Project object */ = {
			isa = PBXProject;
			attributes = {
				LastSwiftUpdateCheck = 1230;
				LastUpgradeCheck = 1230;
				TargetAttributes = {
					B30275A025ADF564006C7456 = {
						CreatedOnToolsVersion = 12.3;
					};
					B30275B025ADF8AB006C7456 = {
						CreatedOnToolsVersion = 12.3;
					};
				};
			};
			buildConfigurationList = B302759B25ADF564006C7456 /* Build configuration list for PBXProject "OwnAnimePod" */;
			compatibilityVersion = "Xcode 9.3";
			developmentRegion = en;
			hasScannedForEncodings = 0;
			knownRegions = (
				en,
				Base,
			);
			mainGroup = B302759725ADF564006C7456;
			productRefGroup = B30275A225ADF564006C7456 /* Products */;
			projectDirPath = "";
			projectRoot = "";
			targets = (
				B30275A025ADF564006C7456 /* OwnAnimePod */,
				B30275B025ADF8AB006C7456 /* OwnAnimePodExample */,
			);
		};
/* End PBXProject section */

/* Begin PBXResourcesBuildPhase section */
		B302759F25ADF564006C7456 /* Resources */ = {
			isa = PBXResourcesBuildPhase;
			buildActionMask = 2147483647;
			files = (
			);
			runOnlyForDeploymentPostprocessing = 0;
		};
		B30275AF25ADF8AB006C7456 /* Resources */ = {
			isa = PBXResourcesBuildPhase;
			buildActionMask = 2147483647;
			files = (
				B30275C025ADF8AE006C7456 /* LaunchScreen.storyboard in Resources */,
				B30275BD25ADF8AE006C7456 /* Assets.xcassets in Resources */,
				B30275BB25ADF8AB006C7456 /* Main.storyboard in Resources */,
			);
			runOnlyForDeploymentPostprocessing = 0;
		};
/* End PBXResourcesBuildPhase section */

/* Begin PBXSourcesBuildPhase section */
		B302759D25ADF564006C7456 /* Sources */ = {
			isa = PBXSourcesBuildPhase;
			buildActionMask = 2147483647;
			files = (
			);
			runOnlyForDeploymentPostprocessing = 0;
		};
		B30275AD25ADF8AB006C7456 /* Sources */ = {
			isa = PBXSourcesBuildPhase;
			buildActionMask = 2147483647;
			files = (
				B30275B825ADF8AB006C7456 /* ViewController.swift in Sources */,
				B30275B425ADF8AB006C7456 /* AppDelegate.swift in Sources */,
				B30275B625ADF8AB006C7456 /* SceneDelegate.swift in Sources */,
			);
			runOnlyForDeploymentPostprocessing = 0;
		};
/* End PBXSourcesBuildPhase section */

/* Begin PBXVariantGroup section */
		B30275B925ADF8AB006C7456 /* Main.storyboard */ = {
			isa = PBXVariantGroup;
			children = (
				B30275BA25ADF8AB006C7456 /* Base */,
			);
			name = Main.storyboard;
			sourceTree = "<group>";
		};
		B30275BE25ADF8AE006C7456 /* LaunchScreen.storyboard */ = {
			isa = PBXVariantGroup;
			children = (
				B30275BF25ADF8AE006C7456 /* Base */,
			);
			name = LaunchScreen.storyboard;
			sourceTree = "<group>";
		};
/* End PBXVariantGroup section */

/* Begin XCBuildConfiguration section */
		B30275A725ADF564006C7456 /* Debug */ = {
			isa = XCBuildConfiguration;
			buildSettings = {
				ALWAYS_SEARCH_USER_PATHS = NO;
				CLANG_ANALYZER_NONNULL = YES;
				CLANG_ANALYZER_NUMBER_OBJECT_CONVERSION = YES_AGGRESSIVE;
				CLANG_CXX_LANGUAGE_STANDARD = "gnu++14";
				CLANG_CXX_LIBRARY = "libc++";
				CLANG_ENABLE_MODULES = YES;
				CLANG_ENABLE_OBJC_ARC = YES;
				CLANG_ENABLE_OBJC_WEAK = YES;
				CLANG_WARN_BLOCK_CAPTURE_AUTORELEASING = YES;
				CLANG_WARN_BOOL_CONVERSION = YES;
				CLANG_WARN_COMMA = YES;
				CLANG_WARN_CONSTANT_CONVERSION = YES;
				CLANG_WARN_DEPRECATED_OBJC_IMPLEMENTATIONS = YES;
				CLANG_WARN_DIRECT_OBJC_ISA_USAGE = YES_ERROR;
				CLANG_WARN_DOCUMENTATION_COMMENTS = YES;
				CLANG_WARN_EMPTY_BODY = YES;
				CLANG_WARN_ENUM_CONVERSION = YES;
				CLANG_WARN_INFINITE_RECURSION = YES;
				CLANG_WARN_INT_CONVERSION = YES;
				CLANG_WARN_NON_LITERAL_NULL_CONVERSION = YES;
				CLANG_WARN_OBJC_IMPLICIT_RETAIN_SELF = YES;
				CLANG_WARN_OBJC_LITERAL_CONVERSION = YES;
				CLANG_WARN_OBJC_ROOT_CLASS = YES_ERROR;
				CLANG_WARN_QUOTED_INCLUDE_IN_FRAMEWORK_HEADER = YES;
				CLANG_WARN_RANGE_LOOP_ANALYSIS = YES;
				CLANG_WARN_STRICT_PROTOTYPES = YES;
				CLANG_WARN_SUSPICIOUS_MOVE = YES;
				CLANG_WARN_UNGUARDED_AVAILABILITY = YES_AGGRESSIVE;
				CLANG_WARN_UNREACHABLE_CODE = YES;
				CLANG_WARN__DUPLICATE_METHOD_MATCH = YES;
				COPY_PHASE_STRIP = NO;
				CURRENT_PROJECT_VERSION = 1;
				DEBUG_INFORMATION_FORMAT = dwarf;
				ENABLE_STRICT_OBJC_MSGSEND = YES;
				ENABLE_TESTABILITY = YES;
				GCC_C_LANGUAGE_STANDARD = gnu11;
				GCC_DYNAMIC_NO_PIC = NO;
				GCC_NO_COMMON_BLOCKS = YES;
				GCC_OPTIMIZATION_LEVEL = 0;
				GCC_PREPROCESSOR_DEFINITIONS = (
					"DEBUG=1",
					"$(inherited)",
				);
				GCC_WARN_64_TO_32_BIT_CONVERSION = YES;
				GCC_WARN_ABOUT_RETURN_TYPE = YES_ERROR;
				GCC_WARN_UNDECLARED_SELECTOR = YES;
				GCC_WARN_UNINITIALIZED_AUTOS = YES_AGGRESSIVE;
				GCC_WARN_UNUSED_FUNCTION = YES;
				GCC_WARN_UNUSED_VARIABLE = YES;
				IPHONEOS_DEPLOYMENT_TARGET = 14.3;
				MTL_ENABLE_DEBUG_INFO = INCLUDE_SOURCE;
				MTL_FAST_MATH = YES;
				ONLY_ACTIVE_ARCH = YES;
				SDKROOT = iphoneos;
				SWIFT_ACTIVE_COMPILATION_CONDITIONS = DEBUG;
				SWIFT_OPTIMIZATION_LEVEL = "-Onone";
				VERSIONING_SYSTEM = "apple-generic";
				VERSION_INFO_PREFIX = "";
			};
			name = Debug;
		};
		B30275A825ADF564006C7456 /* Release */ = {
			isa = XCBuildConfiguration;
			buildSettings = {
				ALWAYS_SEARCH_USER_PATHS = NO;
				CLANG_ANALYZER_NONNULL = YES;
				CLANG_ANALYZER_NUMBER_OBJECT_CONVERSION = YES_AGGRESSIVE;
				CLANG_CXX_LANGUAGE_STANDARD = "gnu++14";
				CLANG_CXX_LIBRARY = "libc++";
				CLANG_ENABLE_MODULES = YES;
				CLANG_ENABLE_OBJC_ARC = YES;
				CLANG_ENABLE_OBJC_WEAK = YES;
				CLANG_WARN_BLOCK_CAPTURE_AUTORELEASING = YES;
				CLANG_WARN_BOOL_CONVERSION = YES;
				CLANG_WARN_COMMA = YES;
				CLANG_WARN_CONSTANT_CONVERSION = YES;
				CLANG_WARN_DEPRECATED_OBJC_IMPLEMENTATIONS = YES;
				CLANG_WARN_DIRECT_OBJC_ISA_USAGE = YES_ERROR;
				CLANG_WARN_DOCUMENTATION_COMMENTS = YES;
				CLANG_WARN_EMPTY_BODY = YES;
				CLANG_WARN_ENUM_CONVERSION = YES;
				CLANG_WARN_INFINITE_RECURSION = YES;
				CLANG_WARN_INT_CONVERSION = YES;
				CLANG_WARN_NON_LITERAL_NULL_CONVERSION = YES;
				CLANG_WARN_OBJC_IMPLICIT_RETAIN_SELF = YES;
				CLANG_WARN_OBJC_LITERAL_CONVERSION = YES;
				CLANG_WARN_OBJC_ROOT_CLASS = YES_ERROR;
				CLANG_WARN_QUOTED_INCLUDE_IN_FRAMEWORK_HEADER = YES;
				CLANG_WARN_RANGE_LOOP_ANALYSIS = YES;
				CLANG_WARN_STRICT_PROTOTYPES = YES;
				CLANG_WARN_SUSPICIOUS_MOVE = YES;
				CLANG_WARN_UNGUARDED_AVAILABILITY = YES_AGGRESSIVE;
				CLANG_WARN_UNREACHABLE_CODE = YES;
				CLANG_WARN__DUPLICATE_METHOD_MATCH = YES;
				COPY_PHASE_STRIP = NO;
				CURRENT_PROJECT_VERSION = 1;
				DEBUG_INFORMATION_FORMAT = "dwarf-with-dsym";
				ENABLE_NS_ASSERTIONS = NO;
				ENABLE_STRICT_OBJC_MSGSEND = YES;
				GCC_C_LANGUAGE_STANDARD = gnu11;
				GCC_NO_COMMON_BLOCKS = YES;
				GCC_WARN_64_TO_32_BIT_CONVERSION = YES;
				GCC_WARN_ABOUT_RETURN_TYPE = YES_ERROR;
				GCC_WARN_UNDECLARED_SELECTOR = YES;
				GCC_WARN_UNINITIALIZED_AUTOS = YES_AGGRESSIVE;
				GCC_WARN_UNUSED_FUNCTION = YES;
				GCC_WARN_UNUSED_VARIABLE = YES;
				IPHONEOS_DEPLOYMENT_TARGET = 14.3;
				MTL_ENABLE_DEBUG_INFO = NO;
				MTL_FAST_MATH = YES;
				SDKROOT = iphoneos;
				SWIFT_COMPILATION_MODE = wholemodule;
				SWIFT_OPTIMIZATION_LEVEL = "-O";
				VALIDATE_PRODUCT = YES;
				VERSIONING_SYSTEM = "apple-generic";
				VERSION_INFO_PREFIX = "";
			};
			name = Release;
		};
		B30275AA25ADF564006C7456 /* Debug */ = {
			isa = XCBuildConfiguration;
			buildSettings = {
				CODE_SIGN_STYLE = Automatic;
				DEFINES_MODULE = YES;
				DEVELOPMENT_TEAM = 84HCDR24QN;
				DYLIB_COMPATIBILITY_VERSION = 1;
				DYLIB_CURRENT_VERSION = 1;
				DYLIB_INSTALL_NAME_BASE = "@rpath";
				INFOPLIST_FILE = OwnAnimePod/Info.plist;
				INSTALL_PATH = "$(LOCAL_LIBRARY_DIR)/Frameworks";
				LD_RUNPATH_SEARCH_PATHS = (
					"$(inherited)",
					"@executable_path/Frameworks",
					"@loader_path/Frameworks",
				);
				PRODUCT_BUNDLE_IDENTIFIER = com.sikorskyi.yaroslav.OwnAnimePod;
				PRODUCT_NAME = "$(TARGET_NAME:c99extidentifier)";
				SKIP_INSTALL = YES;
				SUPPORTS_MACCATALYST = NO;
				SWIFT_VERSION = 5.0;
				TARGETED_DEVICE_FAMILY = 1;
			};
			name = Debug;
		};
		B30275AB25ADF564006C7456 /* Release */ = {
			isa = XCBuildConfiguration;
			buildSettings = {
				CODE_SIGN_STYLE = Automatic;
				DEFINES_MODULE = YES;
				DEVELOPMENT_TEAM = 84HCDR24QN;
				DYLIB_COMPATIBILITY_VERSION = 1;
				DYLIB_CURRENT_VERSION = 1;
				DYLIB_INSTALL_NAME_BASE = "@rpath";
				INFOPLIST_FILE = OwnAnimePod/Info.plist;
				INSTALL_PATH = "$(LOCAL_LIBRARY_DIR)/Frameworks";
				LD_RUNPATH_SEARCH_PATHS = (
					"$(inherited)",
					"@executable_path/Frameworks",
					"@loader_path/Frameworks",
				);
				PRODUCT_BUNDLE_IDENTIFIER = com.sikorskyi.yaroslav.OwnAnimePod;
				PRODUCT_NAME = "$(TARGET_NAME:c99extidentifier)";
				SKIP_INSTALL = YES;
				SUPPORTS_MACCATALYST = NO;
				SWIFT_VERSION = 5.0;
				TARGETED_DEVICE_FAMILY = 1;
			};
			name = Release;
		};
		B30275C325ADF8AE006C7456 /* Debug */ = {
			isa = XCBuildConfiguration;
			buildSettings = {
				ASSETCATALOG_COMPILER_APPICON_NAME = AppIcon;
				ASSETCATALOG_COMPILER_GLOBAL_ACCENT_COLOR_NAME = AccentColor;
				CODE_SIGN_STYLE = Automatic;
				DEVELOPMENT_TEAM = 84HCDR24QN;
				INFOPLIST_FILE = OwnAnimePodExample/Info.plist;
				LD_RUNPATH_SEARCH_PATHS = (
					"$(inherited)",
					"@executable_path/Frameworks",
				);
				PRODUCT_BUNDLE_IDENTIFIER = com.sikorskyi.yaroslav.OwnAnimePodExample;
				PRODUCT_NAME = "$(TARGET_NAME)";
				SWIFT_VERSION = 5.0;
				TARGETED_DEVICE_FAMILY = "1,2";
			};
			name = Debug;
		};
		B30275C425ADF8AE006C7456 /* Release */ = {
			isa = XCBuildConfiguration;
			buildSettings = {
				ASSETCATALOG_COMPILER_APPICON_NAME = AppIcon;
				ASSETCATALOG_COMPILER_GLOBAL_ACCENT_COLOR_NAME = AccentColor;
				CODE_SIGN_STYLE = Automatic;
				DEVELOPMENT_TEAM = 84HCDR24QN;
				INFOPLIST_FILE = OwnAnimePodExample/Info.plist;
				LD_RUNPATH_SEARCH_PATHS = (
					"$(inherited)",
					"@executable_path/Frameworks",
				);
				PRODUCT_BUNDLE_IDENTIFIER = com.sikorskyi.yaroslav.OwnAnimePodExample;
				PRODUCT_NAME = "$(TARGET_NAME)";
				SWIFT_VERSION = 5.0;
				TARGETED_DEVICE_FAMILY = "1,2";
			};
			name = Release;
		};
/* End XCBuildConfiguration section */

/* Begin XCConfigurationList section */
		B302759B25ADF564006C7456 /* Build configuration list for PBXProject "OwnAnimePod" */ = {
			isa = XCConfigurationList;
			buildConfigurations = (
				B30275A725ADF564006C7456 /* Debug */,
				B30275A825ADF564006C7456 /* Release */,
			);
			defaultConfigurationIsVisible = 0;
			defaultConfigurationName = Release;
		};
		B30275A925ADF564006C7456 /* Build configuration list for PBXNativeTarget "OwnAnimePod" */ = {
			isa = XCConfigurationList;
			buildConfigurations = (
				B30275AA25ADF564006C7456 /* Debug */,
				B30275AB25ADF564006C7456 /* Release */,
			);
			defaultConfigurationIsVisible = 0;
			defaultConfigurationName = Release;
		};
		B30275C225ADF8AE006C7456 /* Build configuration list for PBXNativeTarget "OwnAnimePodExample" */ = {
			isa = XCConfigurationList;
			buildConfigurations = (
				B30275C325ADF8AE006C7456 /* Debug */,
				B30275C425ADF8AE006C7456 /* Release */,
			);
			defaultConfigurationIsVisible = 0;
			defaultConfigurationName = Release;
		};
/* End XCConfigurationList section */
	};
	rootObject = B302759825ADF564006C7456 /* Project object */;
}
